
Microsoft Visual Studio Solution File, Format Version 12.00
# Visual Studio Version 16
VisualStudioVersion = 16.0.30204.135
MinimumVisualStudioVersion = 10.0.40219.1
Project("{FAE04EC0-301F-11D3-BF4B-00C04F79EFBC}") = "RegFormApi", "RegFormApi.csproj", "{B80BC48F-7B38-4352-B17A-61759589C8DF}"
EndProject
Global
	GlobalSection(SolutionConfigurationPlatforms) = preSolution
		Debug|Any CPU = Debug|Any CPU
		Release|Any CPU = Release|Any CPU
	EndGlobalSection
	GlobalSection(ProjectConfigurationPlatforms) = postSolution
		{B80BC48F-7B38-4352-B17A-61759589C8DF}.Debug|Any CPU.ActiveCfg = Debug|Any CPU
		{B80BC48F-7B38-4352-B17A-61759589C8DF}.Debug|Any CPU.Build.0 = Debug|Any CPU
		{B80BC48F-7B38-4352-B17A-61759589C8DF}.Release|Any CPU.ActiveCfg = Release|Any CPU
		{B80BC48F-7B38-4352-B17A-61759589C8DF}.Release|Any CPU.Build.0 = Release|Any CPU
	EndGlobalSection
	GlobalSection(SolutionProperties) = preSolution
		HideSolutionNode = FALSE
	EndGlobalSection
	GlobalSection(ExtensibilityGlobals) = postSolution
		SolutionGuid = {45B70A97-0C5D-4133-8498-2978E2B6B723}
	EndGlobalSection
EndGlobal
